
Microsoft Visual Studio Solution File, Format Version 12.00
# Visual Studio Version 17
VisualStudioVersion = 17.3.32825.248
MinimumVisualStudioVersion = 10.0.40219.1
Project("{9A19103F-16F7-4668-BE54-9A1E7A4F7556}") = "GestionDeMetas.Server", "Server\GestionDeMetas.Server.csproj", "{356CD92F-B11C-4D14-A8F6-D07CA59A799F}"
EndProject
Project("{9A19103F-16F7-4668-BE54-9A1E7A4F7556}") = "GestionDeMetas.Client", "Client\GestionDeMetas.Client.csproj", "{5C5E05D9-76EF-42B4-A1EF-B026A914C918}"
EndProject
Project("{9A19103F-16F7-4668-BE54-9A1E7A4F7556}") = "GestionDeMetas.Shared", "Shared\GestionDeMetas.Shared.csproj", "{C5B7F203-9634-405F-8B41-EC6514D06D42}"
EndProject
Project("{9A19103F-16F7-4668-BE54-9A1E7A4F7556}") = "GestionDeMetas.Bussiness", "Bussiness\GestionDeMetas.Bussiness.csproj", "{75802F0D-78F7-40BB-947B-B66EB5239577}"
EndProject
Global
	GlobalSection(SolutionConfigurationPlatforms) = preSolution
		Debug|Any CPU = Debug|Any CPU
		Release|Any CPU = Release|Any CPU
	EndGlobalSection
	GlobalSection(ProjectConfigurationPlatforms) = postSolution
		{356CD92F-B11C-4D14-A8F6-D07CA59A799F}.Debug|Any CPU.ActiveCfg = Debug|Any CPU
		{356CD92F-B11C-4D14-A8F6-D07CA59A799F}.Debug|Any CPU.Build.0 = Debug|Any CPU
		{356CD92F-B11C-4D14-A8F6-D07CA59A799F}.Release|Any CPU.ActiveCfg = Release|Any CPU
		{356CD92F-B11C-4D14-A8F6-D07CA59A799F}.Release|Any CPU.Build.0 = Release|Any CPU
		{5C5E05D9-76EF-42B4-A1EF-B026A914C918}.Debug|Any CPU.ActiveCfg = Debug|Any CPU
		{5C5E05D9-76EF-42B4-A1EF-B026A914C918}.Debug|Any CPU.Build.0 = Debug|Any CPU
		{5C5E05D9-76EF-42B4-A1EF-B026A914C918}.Release|Any CPU.ActiveCfg = Release|Any CPU
		{5C5E05D9-76EF-42B4-A1EF-B026A914C918}.Release|Any CPU.Build.0 = Release|Any CPU
		{C5B7F203-9634-405F-8B41-EC6514D06D42}.Debug|Any CPU.ActiveCfg = Debug|Any CPU
		{C5B7F203-9634-405F-8B41-EC6514D06D42}.Debug|Any CPU.Build.0 = Debug|Any CPU
		{C5B7F203-9634-405F-8B41-EC6514D06D42}.Release|Any CPU.ActiveCfg = Release|Any CPU
		{C5B7F203-9634-405F-8B41-EC6514D06D42}.Release|Any CPU.Build.0 = Release|Any CPU
		{75802F0D-78F7-40BB-947B-B66EB5239577}.Debug|Any CPU.ActiveCfg = Debug|Any CPU
		{75802F0D-78F7-40BB-947B-B66EB5239577}.Debug|Any CPU.Build.0 = Debug|Any CPU
		{75802F0D-78F7-40BB-947B-B66EB5239577}.Release|Any CPU.ActiveCfg = Release|Any CPU
		{75802F0D-78F7-40BB-947B-B66EB5239577}.Release|Any CPU.Build.0 = Release|Any CPU
	EndGlobalSection
	GlobalSection(SolutionProperties) = preSolution
		HideSolutionNode = FALSE
	EndGlobalSection
	GlobalSection(ExtensibilityGlobals) = postSolution
		SolutionGuid = {274612C7-B788-4F20-9E06-D6BB60D9DF46}
	EndGlobalSection
EndGlobal
